
Microsoft Visual Studio Solution File, Format Version 12.00
# Visual Studio 15
VisualStudioVersion = 15.0.27130.2027
MinimumVisualStudioVersion = 10.0.40219.1
Project("{FAE04EC0-301F-11D3-BF4B-00C04F79EFBC}") = "GarajProject_v2", "GarajProject_v2\GarajProject_v2.csproj", "{3357E2B0-35E1-44DE-85E2-CC9027F5836F}"
EndProject
Global
	GlobalSection(SolutionConfigurationPlatforms) = preSolution
		Debug|Any CPU = Debug|Any CPU
		Release|Any CPU = Release|Any CPU
	EndGlobalSection
	GlobalSection(ProjectConfigurationPlatforms) = postSolution
		{3357E2B0-35E1-44DE-85E2-CC9027F5836F}.Debug|Any CPU.ActiveCfg = Debug|Any CPU
		{3357E2B0-35E1-44DE-85E2-CC9027F5836F}.Debug|Any CPU.Build.0 = Debug|Any CPU
		{3357E2B0-35E1-44DE-85E2-CC9027F5836F}.Release|Any CPU.ActiveCfg = Release|Any CPU
		{3357E2B0-35E1-44DE-85E2-CC9027F5836F}.Release|Any CPU.Build.0 = Release|Any CPU
	EndGlobalSection
	GlobalSection(SolutionProperties) = preSolution
		HideSolutionNode = FALSE
	EndGlobalSection
	GlobalSection(ExtensibilityGlobals) = postSolution
		SolutionGuid = {D603025A-F390-47E2-87D4-097123DD72A4}
	EndGlobalSection
EndGlobal
